
Microsoft Visual Studio Solution File, Format Version 12.00
# Visual Studio Version 17
VisualStudioVersion = 17.6.33829.357
MinimumVisualStudioVersion = 10.0.40219.1
Project("{FAE04EC0-301F-11D3-BF4B-00C04F79EFBC}") = "SMB4_Improved_Stat_Tracker", "SMB4_Improved_Stat_Tracker.csproj", "{C9B466CA-B501-4CA0-B9AD-25A48DD7CC42}"
EndProject
Global
	GlobalSection(SolutionConfigurationPlatforms) = preSolution
		Debug|Any CPU = Debug|Any CPU
		Release|Any CPU = Release|Any CPU
	EndGlobalSection
	GlobalSection(ProjectConfigurationPlatforms) = postSolution
		{C9B466CA-B501-4CA0-B9AD-25A48DD7CC42}.Debug|Any CPU.ActiveCfg = Debug|Any CPU
		{C9B466CA-B501-4CA0-B9AD-25A48DD7CC42}.Debug|Any CPU.Build.0 = Debug|Any CPU
		{C9B466CA-B501-4CA0-B9AD-25A48DD7CC42}.Release|Any CPU.ActiveCfg = Release|Any CPU
		{C9B466CA-B501-4CA0-B9AD-25A48DD7CC42}.Release|Any CPU.Build.0 = Release|Any CPU
	EndGlobalSection
	GlobalSection(SolutionProperties) = preSolution
		HideSolutionNode = FALSE
	EndGlobalSection
	GlobalSection(ExtensibilityGlobals) = postSolution
		SolutionGuid = {B564B40E-1F7B-412E-9FC4-CF15A209093D}
	EndGlobalSection
EndGlobal
